
Microsoft Visual Studio Solution File, Format Version 12.00
# Visual Studio Version 17
VisualStudioVersion = 17.13.35931.197 d17.13
MinimumVisualStudioVersion = 10.0.40219.1
Project("{FAE04EC0-301F-11D3-BF4B-00C04F79EFBC}") = "NugetJerseyHubRGO", "NugetJerseyHubRGO\NugetJerseyHubRGO.csproj", "{FE794118-94F5-449A-8C93-70672C5B3588}"
EndProject
Global
	GlobalSection(SolutionConfigurationPlatforms) = preSolution
		Debug|Any CPU = Debug|Any CPU
		Release|Any CPU = Release|Any CPU
	EndGlobalSection
	GlobalSection(ProjectConfigurationPlatforms) = postSolution
		{FE794118-94F5-449A-8C93-70672C5B3588}.Debug|Any CPU.ActiveCfg = Debug|Any CPU
		{FE794118-94F5-449A-8C93-70672C5B3588}.Debug|Any CPU.Build.0 = Debug|Any CPU
		{FE794118-94F5-449A-8C93-70672C5B3588}.Release|Any CPU.ActiveCfg = Release|Any CPU
		{FE794118-94F5-449A-8C93-70672C5B3588}.Release|Any CPU.Build.0 = Release|Any CPU
	EndGlobalSection
	GlobalSection(SolutionProperties) = preSolution
		HideSolutionNode = FALSE
	EndGlobalSection
	GlobalSection(ExtensibilityGlobals) = postSolution
		SolutionGuid = {4F8B57DC-15BD-4903-B44F-849FBA9405C1}
	EndGlobalSection
EndGlobal
